<?xml version="1.0" encoding="utf-8"?>
<Project ToolsVersion="4.0" xmlns="http://schemas.microsoft.com/developer/msbuild/2003">
  <ItemGroup>
    <Filter Include="Source Files">
      <UniqueIdentifier>{713A1CF8-C185-4745-BB41-6F44A018D9CA}</UniqueIdentifier>
    </Filter>
    <Filter Include="Header Files">
      <UniqueIdentifier>{E3BA47BD-0B5E-4187-88F1-933EEE0A1700}</UniqueIdentifier>
    </Filter>
    <Filter Include="Shaders">
      <UniqueIdentifier>{90A535FA-DF67-402C-BC43-7F5F9D8D35B5}</UniqueIdentifier>
    </Filter>
  </ItemGroup>
  <ItemGroup>
    <ClCompile Include="src\main.cpp">
      <Filter>Source Files</Filter>
    </ClCompile>
  </ItemGroup>
  <ItemGroup>
    <ClInclude Include="src\math3d.h">
      <Filter>Header Files</Filter>
    </ClInclude>
    <ClInclude Include="src\gltf_min.h">
      <Filter>Header Files</Filter>
    </ClInclude>
    <ClInclude Include="src\udf_bake.h">
      <Filter>Header Files</Filter>
    </ClInclude>
    <ClInclude Include="src\png_decode.h">
      <Filter>Header Files</Filter>
    </ClInclude>
  </ItemGroup>
  <ItemGroup>
    <None Include="shaders\common.glsl">
      <Filter>Shaders</Filter>
    </None>
    <None Include="shaders\shading.glsl">
      <Filter>Shaders</Filter>
    </None>
    <None Include="README.md" />
  </ItemGroup>
</Project>